
Microsoft Visual Studio Solution File, Format Version 12.00
Project("{FAE04EC0-301F-11D3-BF4B-00C04F79EFBC}") = "edit-sharp", "edit-sharp\edit-sharp.csproj", "{FD61AE2A-E8D5-4C78-AB8F-143BF4D8BC6F}"
EndProject
Project("{FAE04EC0-301F-11D3-BF4B-00C04F79EFBC}") = "edit-sharp.Tests", "edit-sharp.Tests\edit-sharp.Tests.csproj", "{3F83BD52-F589-49F1-862C-7CB7D11BDE44}"
EndProject
Global
	GlobalSection(SolutionConfigurationPlatforms) = preSolution
		Debug|Any CPU = Debug|Any CPU
		Release|Any CPU = Release|Any CPU
	EndGlobalSection
	GlobalSection(ProjectConfigurationPlatforms) = postSolution
		{FD61AE2A-E8D5-4C78-AB8F-143BF4D8BC6F}.Debug|Any CPU.ActiveCfg = Debug|Any CPU
		{FD61AE2A-E8D5-4C78-AB8F-143BF4D8BC6F}.Debug|Any CPU.Build.0 = Debug|Any CPU
		{FD61AE2A-E8D5-4C78-AB8F-143BF4D8BC6F}.Release|Any CPU.ActiveCfg = Release|Any CPU
		{FD61AE2A-E8D5-4C78-AB8F-143BF4D8BC6F}.Release|Any CPU.Build.0 = Release|Any CPU
		{3F83BD52-F589-49F1-862C-7CB7D11BDE44}.Debug|Any CPU.ActiveCfg = Debug|Any CPU
		{3F83BD52-F589-49F1-862C-7CB7D11BDE44}.Debug|Any CPU.Build.0 = Debug|Any CPU
		{3F83BD52-F589-49F1-862C-7CB7D11BDE44}.Release|Any CPU.ActiveCfg = Release|Any CPU
		{3F83BD52-F589-49F1-862C-7CB7D11BDE44}.Release|Any CPU.Build.0 = Release|Any CPU
	EndGlobalSection
EndGlobal
